
Microsoft Visual Studio Solution File, Format Version 12.00
# Visual Studio Version 16
VisualStudioVersion = 16.0.32106.194
MinimumVisualStudioVersion = 10.0.40219.1
Project("{FAE04EC0-301F-11D3-BF4B-00C04F79EFBC}") = "IntegraJeff", "IntegraJeff\IntegraJeff.csproj", "{541F7FB2-E2BB-4166-911D-575E10C850CD}"
EndProject
Project("{54435603-DBB4-11D2-8724-00A0C9A8B90C}") = "Central Integra Jeff", "Setup\Setup.vdproj", "{746ECE00-BF3A-4D18-A6A8-6F563FB805F0}"
EndProject
Global
	GlobalSection(SolutionConfigurationPlatforms) = preSolution
		Debug|Any CPU = Debug|Any CPU
		Release|Any CPU = Release|Any CPU
	EndGlobalSection
	GlobalSection(ProjectConfigurationPlatforms) = postSolution
		{541F7FB2-E2BB-4166-911D-575E10C850CD}.Debug|Any CPU.ActiveCfg = Debug|Any CPU
		{541F7FB2-E2BB-4166-911D-575E10C850CD}.Debug|Any CPU.Build.0 = Debug|Any CPU
		{541F7FB2-E2BB-4166-911D-575E10C850CD}.Release|Any CPU.ActiveCfg = Release|Any CPU
		{541F7FB2-E2BB-4166-911D-575E10C850CD}.Release|Any CPU.Build.0 = Release|Any CPU
		{746ECE00-BF3A-4D18-A6A8-6F563FB805F0}.Debug|Any CPU.ActiveCfg = Debug
		{746ECE00-BF3A-4D18-A6A8-6F563FB805F0}.Release|Any CPU.ActiveCfg = Release
		{746ECE00-BF3A-4D18-A6A8-6F563FB805F0}.Release|Any CPU.Build.0 = Release
	EndGlobalSection
	GlobalSection(SolutionProperties) = preSolution
		HideSolutionNode = FALSE
	EndGlobalSection
	GlobalSection(ExtensibilityGlobals) = postSolution
		SolutionGuid = {8B0F1B41-1566-4041-8056-99ABB040DA92}
	EndGlobalSection
EndGlobal
